
Microsoft Visual Studio Solution File, Format Version 12.00
# Visual Studio Version 17
VisualStudioVersion = 17.12.35527.113
MinimumVisualStudioVersion = 10.0.40219.1
Project("{FAE04EC0-301F-11D3-BF4B-00C04F79EFBC}") = "GAC.Integration.Api", "GAC.Integration.Api\GAC.Integration.Api.csproj", "{23B720BB-168E-400A-86D9-CFC7EF6ECD7C}"
EndProject
Project("{FAE04EC0-301F-11D3-BF4B-00C04F79EFBC}") = "GAC.Integration.Service", "GAC.Integration.Service\GAC.Integration.Service.csproj", "{30A259DE-8058-4E0C-BEB0-48EC89267D2F}"
EndProject
Project("{FAE04EC0-301F-11D3-BF4B-00C04F79EFBC}") = "GAC.Integration.Domain", "GAC.Integration.Domain\GAC.Integration.Domain.csproj", "{E9350471-E196-40C3-A990-003118BF27BF}"
EndProject
Project("{FAE04EC0-301F-11D3-BF4B-00C04F79EFBC}") = "GAC.Integration.Infrastructure", "GAC.Integration.Infrastructure\GAC.Integration.Infrastructure.csproj", "{527222FB-E474-482D-84A7-58EA8AB7A3FC}"
EndProject
Global
	GlobalSection(SolutionConfigurationPlatforms) = preSolution
		Debug|Any CPU = Debug|Any CPU
		Release|Any CPU = Release|Any CPU
	EndGlobalSection
	GlobalSection(ProjectConfigurationPlatforms) = postSolution
		{23B720BB-168E-400A-86D9-CFC7EF6ECD7C}.Debug|Any CPU.ActiveCfg = Debug|Any CPU
		{23B720BB-168E-400A-86D9-CFC7EF6ECD7C}.Debug|Any CPU.Build.0 = Debug|Any CPU
		{23B720BB-168E-400A-86D9-CFC7EF6ECD7C}.Release|Any CPU.ActiveCfg = Release|Any CPU
		{23B720BB-168E-400A-86D9-CFC7EF6ECD7C}.Release|Any CPU.Build.0 = Release|Any CPU
		{30A259DE-8058-4E0C-BEB0-48EC89267D2F}.Debug|Any CPU.ActiveCfg = Debug|Any CPU
		{30A259DE-8058-4E0C-BEB0-48EC89267D2F}.Debug|Any CPU.Build.0 = Debug|Any CPU
		{30A259DE-8058-4E0C-BEB0-48EC89267D2F}.Release|Any CPU.ActiveCfg = Release|Any CPU
		{30A259DE-8058-4E0C-BEB0-48EC89267D2F}.Release|Any CPU.Build.0 = Release|Any CPU
		{E9350471-E196-40C3-A990-003118BF27BF}.Debug|Any CPU.ActiveCfg = Debug|Any CPU
		{E9350471-E196-40C3-A990-003118BF27BF}.Debug|Any CPU.Build.0 = Debug|Any CPU
		{E9350471-E196-40C3-A990-003118BF27BF}.Release|Any CPU.ActiveCfg = Release|Any CPU
		{E9350471-E196-40C3-A990-003118BF27BF}.Release|Any CPU.Build.0 = Release|Any CPU
		{527222FB-E474-482D-84A7-58EA8AB7A3FC}.Debug|Any CPU.ActiveCfg = Debug|Any CPU
		{527222FB-E474-482D-84A7-58EA8AB7A3FC}.Debug|Any CPU.Build.0 = Debug|Any CPU
		{527222FB-E474-482D-84A7-58EA8AB7A3FC}.Release|Any CPU.ActiveCfg = Release|Any CPU
		{527222FB-E474-482D-84A7-58EA8AB7A3FC}.Release|Any CPU.Build.0 = Release|Any CPU
	EndGlobalSection
	GlobalSection(SolutionProperties) = preSolution
		HideSolutionNode = FALSE
	EndGlobalSection
EndGlobal
